// !$*UTF8*$!
{
	archiveVersion = 1;
	classes = {
	};
	objectVersion = 52;
	objects = {

/* Begin PBXBuildFile section */
		B32FE2D823D8D61900CB1363 /* AppDelegate.swift in Sources */ = {isa = PBXBuildFile; fileRef = B32FE2D723D8D61900CB1363 /* AppDelegate.swift */; };
		B32FE2DA23D8D61900CB1363 /* ContentView.swift in Sources */ = {isa = PBXBuildFile; fileRef = B32FE2D923D8D61900CB1363 /* ContentView.swift */; };
		B32FE2DC23D8D61D00CB1363 /* Assets.xcassets in Resources */ = {isa = PBXBuildFile; fileRef = B32FE2DB23D8D61D00CB1363 /* Assets.xcassets */; };
		B32FE2DF23D8D61D00CB1363 /* Preview Assets.xcassets in Resources */ = {isa = PBXBuildFile; fileRef = B32FE2DE23D8D61D00CB1363 /* Preview Assets.xcassets */; };
		B32FE2E223D8D61D00CB1363 /* Main.storyboard in Resources */ = {isa = PBXBuildFile; fileRef = B32FE2E023D8D61D00CB1363 /* Main.storyboard */; };
		B32FE2EC23D8D63D00CB1363 /* SwiftDraw in Frameworks */ = {isa = PBXBuildFile; productRef = B32FE2EB23D8D63D00CB1363 /* SwiftDraw */; };
		B32FE2EE23D8D6E500CB1363 /* tshirt.svg in Resources */ = {isa = PBXBuildFile; fileRef = B32FE2ED23D8D6E500CB1363 /* tshirt.svg */; };
/* End PBXBuildFile section */

/* Begin PBXFileReference section */
		B32FE2D423D8D61900CB1363 /* Xconate.app */ = {isa = PBXFileReference; explicitFileType = wrapper.application; includeInIndex = 0; path = Xconate.app; sourceTree = BUILT_PRODUCTS_DIR; };
		B32FE2D723D8D61900CB1363 /* AppDelegate.swift */ = {isa = PBXFileReference; lastKnownFileType = sourcecode.swift; path = AppDelegate.swift; sourceTree = "<group>"; };
		B32FE2D923D8D61900CB1363 /* ContentView.swift */ = {isa = PBXFileReference; lastKnownFileType = sourcecode.swift; path = ContentView.swift; sourceTree = "<group>"; };
		B32FE2DB23D8D61D00CB1363 /* Assets.xcassets */ = {isa = PBXFileReference; lastKnownFileType = folder.assetcatalog; path = Assets.xcassets; sourceTree = "<group>"; };
		B32FE2DE23D8D61D00CB1363 /* Preview Assets.xcassets */ = {isa = PBXFileReference; lastKnownFileType = folder.assetcatalog; path = "Preview Assets.xcassets"; sourceTree = "<group>"; };
		B32FE2E123D8D61D00CB1363 /* Base */ = {isa = PBXFileReference; lastKnownFileType = file.storyboard; name = Base; path = Base.lproj/Main.storyboard; sourceTree = "<group>"; };
		B32FE2E323D8D61D00CB1363 /* Info.plist */ = {isa = PBXFileReference; lastKnownFileType = text.plist.xml; path = Info.plist; sourceTree = "<group>"; };
		B32FE2E423D8D61D00CB1363 /* Xconate.entitlements */ = {isa = PBXFileReference; lastKnownFileType = text.plist.entitlements; path = Xconate.entitlements; sourceTree = "<group>"; };
		B32FE2ED23D8D6E500CB1363 /* tshirt.svg */ = {isa = PBXFileReference; fileEncoding = 4; lastKnownFileType = text; path = tshirt.svg; sourceTree = "<group>"; };
/* End PBXFileReference section */

/* Begin PBXFrameworksBuildPhase section */
		B32FE2D123D8D61900CB1363 /* Frameworks */ = {
			isa = PBXFrameworksBuildPhase;
			buildActionMask = 2147483647;
			files = (
				B32FE2EC23D8D63D00CB1363 /* SwiftDraw in Frameworks */,
			);
			runOnlyForDeploymentPostprocessing = 0;
		};
/* End PBXFrameworksBuildPhase section */

/* Begin PBXGroup section */
		B32FE2CB23D8D61900CB1363 = {
			isa = PBXGroup;
			children = (
				B32FE2D623D8D61900CB1363 /* Xconate */,
				B32FE2D523D8D61900CB1363 /* Products */,
			);
			sourceTree = "<group>";
		};
		B32FE2D523D8D61900CB1363 /* Products */ = {
			isa = PBXGroup;
			children = (
				B32FE2D423D8D61900CB1363 /* Xconate.app */,
			);
			name = Products;
			sourceTree = "<group>";
		};
		B32FE2D623D8D61900CB1363 /* Xconate */ = {
			isa = PBXGroup;
			children = (
				B32FE2ED23D8D6E500CB1363 /* tshirt.svg */,
				B32FE2D723D8D61900CB1363 /* AppDelegate.swift */,
				B32FE2D923D8D61900CB1363 /* ContentView.swift */,
				B32FE2DB23D8D61D00CB1363 /* Assets.xcassets */,
				B32FE2E023D8D61D00CB1363 /* Main.storyboard */,
				B32FE2E323D8D61D00CB1363 /* Info.plist */,
				B32FE2E423D8D61D00CB1363 /* Xconate.entitlements */,
				B32FE2DD23D8D61D00CB1363 /* Preview Content */,
			);
			path = Xconate;
			sourceTree = "<group>";
		};
		B32FE2DD23D8D61D00CB1363 /* Preview Content */ = {
			isa = PBXGroup;
			children = (
				B32FE2DE23D8D61D00CB1363 /* Preview Assets.xcassets */,
			);
			path = "Preview Content";
			sourceTree = "<group>";
		};
/* End PBXGroup section */

/* Begin PBXNativeTarget section */
		B32FE2D323D8D61900CB1363 /* Xconate */ = {
			isa = PBXNativeTarget;
			buildConfigurationList = B32FE2E723D8D61D00CB1363 /* Build configuration list for PBXNativeTarget "Xconate" */;
			buildPhases = (
				B32FE2D023D8D61900CB1363 /* Sources */,
				B32FE2D123D8D61900CB1363 /* Frameworks */,
				B32FE2D223D8D61900CB1363 /* Resources */,
			);
			buildRules = (
			);
			dependencies = (
			);
			name = Xconate;
			packageProductDependencies = (
				B32FE2EB23D8D63D00CB1363 /* SwiftDraw */,
			);
			productName = Xconate;
			productReference = B32FE2D423D8D61900CB1363 /* Xconate.app */;
			productType = "com.apple.product-type.application";
		};
/* End PBXNativeTarget section */

/* Begin PBXProject section */
		B32FE2CC23D8D61900CB1363 /* Project object */ = {
			isa = PBXProject;
			attributes = {
				LastSwiftUpdateCheck = 1130;
				LastUpgradeCheck = 1130;
				ORGANIZATIONNAME = BrightDigit;
				TargetAttributes = {
					B32FE2D323D8D61900CB1363 = {
						CreatedOnToolsVersion = 11.3.1;
					};
				};
			};
			buildConfigurationList = B32FE2CF23D8D61900CB1363 /* Build configuration list for PBXProject "Xconate" */;
			compatibilityVersion = "Xcode 9.3";
			developmentRegion = en;
			hasScannedForEncodings = 0;
			knownRegions = (
				en,
				Base,
			);
			mainGroup = B32FE2CB23D8D61900CB1363;
			packageReferences = (
				B32FE2EA23D8D63D00CB1363 /* XCRemoteSwiftPackageReference "SwiftDraw" */,
			);
			productRefGroup = B32FE2D523D8D61900CB1363 /* Products */;
			projectDirPath = "";
			projectRoot = "";
			targets = (
				B32FE2D323D8D61900CB1363 /* Xconate */,
			);
		};
/* End PBXProject section */

/* Begin PBXResourcesBuildPhase section */
		B32FE2D223D8D61900CB1363 /* Resources */ = {
			isa = PBXResourcesBuildPhase;
			buildActionMask = 2147483647;
			files = (
				B32FE2E223D8D61D00CB1363 /* Main.storyboard in Resources */,
				B32FE2DF23D8D61D00CB1363 /* Preview Assets.xcassets in Resources */,
				B32FE2EE23D8D6E500CB1363 /* tshirt.svg in Resources */,
				B32FE2DC23D8D61D00CB1363 /* Assets.xcassets in Resources */,
			);
			runOnlyForDeploymentPostprocessing = 0;
		};
/* End PBXResourcesBuildPhase section */

/* Begin PBXSourcesBuildPhase section */
		B32FE2D023D8D61900CB1363 /* Sources */ = {
			isa = PBXSourcesBuildPhase;
			buildActionMask = 2147483647;
			files = (
				B32FE2DA23D8D61900CB1363 /* ContentView.swift in Sources */,
				B32FE2D823D8D61900CB1363 /* AppDelegate.swift in Sources */,
			);
			runOnlyForDeploymentPostprocessing = 0;
		};
/* End PBXSourcesBuildPhase section */

/* Begin PBXVariantGroup section */
		B32FE2E023D8D61D00CB1363 /* Main.storyboard */ = {
			isa = PBXVariantGroup;
			children = (
				B32FE2E123D8D61D00CB1363 /* Base */,
			);
			name = Main.storyboard;
			sourceTree = "<group>";
		};
/* End PBXVariantGroup section */

/* Begin XCBuildConfiguration section */
		B32FE2E523D8D61D00CB1363 /* Debug */ = {
			isa = XCBuildConfiguration;
			buildSettings = {
				ALWAYS_SEARCH_USER_PATHS = NO;
				CLANG_ANALYZER_NONNULL = YES;
				CLANG_ANALYZER_NUMBER_OBJECT_CONVERSION = YES_AGGRESSIVE;
				CLANG_CXX_LANGUAGE_STANDARD = "gnu++14";
				CLANG_CXX_LIBRARY = "libc++";
				CLANG_ENABLE_MODULES = YES;
				CLANG_ENABLE_OBJC_ARC = YES;
				CLANG_ENABLE_OBJC_WEAK = YES;
				CLANG_WARN_BLOCK_CAPTURE_AUTORELEASING = YES;
				CLANG_WARN_BOOL_CONVERSION = YES;
				CLANG_WARN_COMMA = YES;
				CLANG_WARN_CONSTANT_CONVERSION = YES;
				CLANG_WARN_DEPRECATED_OBJC_IMPLEMENTATIONS = YES;
				CLANG_WARN_DIRECT_OBJC_ISA_USAGE = YES_ERROR;
				CLANG_WARN_DOCUMENTATION_COMMENTS = YES;
				CLANG_WARN_EMPTY_BODY = YES;
				CLANG_WARN_ENUM_CONVERSION = YES;
				CLANG_WARN_INFINITE_RECURSION = YES;
				CLANG_WARN_INT_CONVERSION = YES;
				CLANG_WARN_NON_LITERAL_NULL_CONVERSION = YES;
				CLANG_WARN_OBJC_IMPLICIT_RETAIN_SELF = YES;
				CLANG_WARN_OBJC_LITERAL_CONVERSION = YES;
				CLANG_WARN_OBJC_ROOT_CLASS = YES_ERROR;
				CLANG_WARN_RANGE_LOOP_ANALYSIS = YES;
				CLANG_WARN_STRICT_PROTOTYPES = YES;
				CLANG_WARN_SUSPICIOUS_MOVE = YES;
				CLANG_WARN_UNGUARDED_AVAILABILITY = YES_AGGRESSIVE;
				CLANG_WARN_UNREACHABLE_CODE = YES;
				CLANG_WARN__DUPLICATE_METHOD_MATCH = YES;
				COPY_PHASE_STRIP = NO;
				DEBUG_INFORMATION_FORMAT = dwarf;
				ENABLE_STRICT_OBJC_MSGSEND = YES;
				ENABLE_TESTABILITY = YES;
				GCC_C_LANGUAGE_STANDARD = gnu11;
				GCC_DYNAMIC_NO_PIC = NO;
				GCC_NO_COMMON_BLOCKS = YES;
				GCC_OPTIMIZATION_LEVEL = 0;
				GCC_PREPROCESSOR_DEFINITIONS = (
					"DEBUG=1",
					"$(inherited)",
				);
				GCC_WARN_64_TO_32_BIT_CONVERSION = YES;
				GCC_WARN_ABOUT_RETURN_TYPE = YES_ERROR;
				GCC_WARN_UNDECLARED_SELECTOR = YES;
				GCC_WARN_UNINITIALIZED_AUTOS = YES_AGGRESSIVE;
				GCC_WARN_UNUSED_FUNCTION = YES;
				GCC_WARN_UNUSED_VARIABLE = YES;
				MACOSX_DEPLOYMENT_TARGET = 10.15;
				MTL_ENABLE_DEBUG_INFO = INCLUDE_SOURCE;
				MTL_FAST_MATH = YES;
				ONLY_ACTIVE_ARCH = YES;
				SDKROOT = macosx;
				SWIFT_ACTIVE_COMPILATION_CONDITIONS = DEBUG;
				SWIFT_OPTIMIZATION_LEVEL = "-Onone";
			};
			name = Debug;
		};
		B32FE2E623D8D61D00CB1363 /* Release */ = {
			isa = XCBuildConfiguration;
			buildSettings = {
				ALWAYS_SEARCH_USER_PATHS = NO;
				CLANG_ANALYZER_NONNULL = YES;
				CLANG_ANALYZER_NUMBER_OBJECT_CONVERSION = YES_AGGRESSIVE;
				CLANG_CXX_LANGUAGE_STANDARD = "gnu++14";
				CLANG_CXX_LIBRARY = "libc++";
				CLANG_ENABLE_MODULES = YES;
				CLANG_ENABLE_OBJC_ARC = YES;
				CLANG_ENABLE_OBJC_WEAK = YES;
				CLANG_WARN_BLOCK_CAPTURE_AUTORELEASING = YES;
				CLANG_WARN_BOOL_CONVERSION = YES;
				CLANG_WARN_COMMA = YES;
				CLANG_WARN_CONSTANT_CONVERSION = YES;
				CLANG_WARN_DEPRECATED_OBJC_IMPLEMENTATIONS = YES;
				CLANG_WARN_DIRECT_OBJC_ISA_USAGE = YES_ERROR;
				CLANG_WARN_DOCUMENTATION_COMMENTS = YES;
				CLANG_WARN_EMPTY_BODY = YES;
				CLANG_WARN_ENUM_CONVERSION = YES;
				CLANG_WARN_INFINITE_RECURSION = YES;
				CLANG_WARN_INT_CONVERSION = YES;
				CLANG_WARN_NON_LITERAL_NULL_CONVERSION = YES;
				CLANG_WARN_OBJC_IMPLICIT_RETAIN_SELF = YES;
				CLANG_WARN_OBJC_LITERAL_CONVERSION = YES;
				CLANG_WARN_OBJC_ROOT_CLASS = YES_ERROR;
				CLANG_WARN_RANGE_LOOP_ANALYSIS = YES;
				CLANG_WARN_STRICT_PROTOTYPES = YES;
				CLANG_WARN_SUSPICIOUS_MOVE = YES;
				CLANG_WARN_UNGUARDED_AVAILABILITY = YES_AGGRESSIVE;
				CLANG_WARN_UNREACHABLE_CODE = YES;
				CLANG_WARN__DUPLICATE_METHOD_MATCH = YES;
				COPY_PHASE_STRIP = NO;
				DEBUG_INFORMATION_FORMAT = "dwarf-with-dsym";
				ENABLE_NS_ASSERTIONS = NO;
				ENABLE_STRICT_OBJC_MSGSEND = YES;
				GCC_C_LANGUAGE_STANDARD = gnu11;
				GCC_NO_COMMON_BLOCKS = YES;
				GCC_WARN_64_TO_32_BIT_CONVERSION = YES;
				GCC_WARN_ABOUT_RETURN_TYPE = YES_ERROR;
				GCC_WARN_UNDECLARED_SELECTOR = YES;
				GCC_WARN_UNINITIALIZED_AUTOS = YES_AGGRESSIVE;
				GCC_WARN_UNUSED_FUNCTION = YES;
				GCC_WARN_UNUSED_VARIABLE = YES;
				MACOSX_DEPLOYMENT_TARGET = 10.15;
				MTL_ENABLE_DEBUG_INFO = NO;
				MTL_FAST_MATH = YES;
				SDKROOT = macosx;
				SWIFT_COMPILATION_MODE = wholemodule;
				SWIFT_OPTIMIZATION_LEVEL = "-O";
			};
			name = Release;
		};
		B32FE2E823D8D61D00CB1363 /* Debug */ = {
			isa = XCBuildConfiguration;
			buildSettings = {
				ASSETCATALOG_COMPILER_APPICON_NAME = AppIcon;
				CODE_SIGN_ENTITLEMENTS = Xconate/Xconate.entitlements;
				CODE_SIGN_STYLE = Automatic;
				COMBINE_HIDPI_IMAGES = YES;
				DEVELOPMENT_ASSET_PATHS = "\"Xconate/Preview Content\"";
				DEVELOPMENT_TEAM = MLT7M394S7;
				ENABLE_HARDENED_RUNTIME = YES;
				ENABLE_PREVIEWS = YES;
				INFOPLIST_FILE = Xconate/Info.plist;
				LD_RUNPATH_SEARCH_PATHS = (
					"$(inherited)",
					"@executable_path/../Frameworks",
				);
				MACOSX_DEPLOYMENT_TARGET = 10.15;
				PRODUCT_BUNDLE_IDENTIFIER = com.brightdigit.Xconate;
				PRODUCT_NAME = "$(TARGET_NAME)";
				SWIFT_VERSION = 5.0;
			};
			name = Debug;
		};
		B32FE2E923D8D61D00CB1363 /* Release */ = {
			isa = XCBuildConfiguration;
			buildSettings = {
				ASSETCATALOG_COMPILER_APPICON_NAME = AppIcon;
				CODE_SIGN_ENTITLEMENTS = Xconate/Xconate.entitlements;
				CODE_SIGN_STYLE = Automatic;
				COMBINE_HIDPI_IMAGES = YES;
				DEVELOPMENT_ASSET_PATHS = "\"Xconate/Preview Content\"";
				DEVELOPMENT_TEAM = MLT7M394S7;
				ENABLE_HARDENED_RUNTIME = YES;
				ENABLE_PREVIEWS = YES;
				INFOPLIST_FILE = Xconate/Info.plist;
				LD_RUNPATH_SEARCH_PATHS = (
					"$(inherited)",
					"@executable_path/../Frameworks",
				);
				MACOSX_DEPLOYMENT_TARGET = 10.15;
				PRODUCT_BUNDLE_IDENTIFIER = com.brightdigit.Xconate;
				PRODUCT_NAME = "$(TARGET_NAME)";
				SWIFT_VERSION = 5.0;
			};
			name = Release;
		};
/* End XCBuildConfiguration section */

/* Begin XCConfigurationList section */
		B32FE2CF23D8D61900CB1363 /* Build configuration list for PBXProject "Xconate" */ = {
			isa = XCConfigurationList;
			buildConfigurations = (
				B32FE2E523D8D61D00CB1363 /* Debug */,
				B32FE2E623D8D61D00CB1363 /* Release */,
			);
			defaultConfigurationIsVisible = 0;
			defaultConfigurationName = Release;
		};
		B32FE2E723D8D61D00CB1363 /* Build configuration list for PBXNativeTarget "Xconate" */ = {
			isa = XCConfigurationList;
			buildConfigurations = (
				B32FE2E823D8D61D00CB1363 /* Debug */,
				B32FE2E923D8D61D00CB1363 /* Release */,
			);
			defaultConfigurationIsVisible = 0;
			defaultConfigurationName = Release;
		};
/* End XCConfigurationList section */

/* Begin XCRemoteSwiftPackageReference section */
		B32FE2EA23D8D63D00CB1363 /* XCRemoteSwiftPackageReference "SwiftDraw" */ = {
			isa = XCRemoteSwiftPackageReference;
			repositoryURL = "https://github.com/swhitty/SwiftDraw.git";
			requirement = {
				kind = upToNextMajorVersion;
				minimumVersion = 0.7.0;
			};
		};
/* End XCRemoteSwiftPackageReference section */

/* Begin XCSwiftPackageProductDependency section */
		B32FE2EB23D8D63D00CB1363 /* SwiftDraw */ = {
			isa = XCSwiftPackageProductDependency;
			package = B32FE2EA23D8D63D00CB1363 /* XCRemoteSwiftPackageReference "SwiftDraw" */;
			productName = SwiftDraw;
		};
/* End XCSwiftPackageProductDependency section */
	};
	rootObject = B32FE2CC23D8D61900CB1363 /* Project object */;
}
